// !$*UTF8*$!
{
	archiveVersion = 1;
	classes = {
	};
	objectVersion = 46;
	objects = {

/* Begin PBXBuildFile section */
		042719311ECE95B10063B6ED /* main.m in Sources */ = {isa = PBXBuildFile; fileRef = 042719301ECE95B10063B6ED /* main.m */; };
		042719341ECE95B10063B6ED /* AppDelegate.m in Sources */ = {isa = PBXBuildFile; fileRef = 042719331ECE95B10063B6ED /* AppDelegate.m */; };
		0427193C1ECE95B10063B6ED /* Assets.xcassets in Resources */ = {isa = PBXBuildFile; fileRef = 0427193B1ECE95B10063B6ED /* Assets.xcassets */; };
		0427193F1ECE95B10063B6ED /* LaunchScreen.storyboard in Resources */ = {isa = PBXBuildFile; fileRef = 0427193D1ECE95B10063B6ED /* LaunchScreen.storyboard */; };
		042719561ECE98000063B6ED /* JXBaseViewController.m in Sources */ = {isa = PBXBuildFile; fileRef = 042719551ECE98000063B6ED /* JXBaseViewController.m */; };
		042719591ECE98460063B6ED /* JXBaseModel.m in Sources */ = {isa = PBXBuildFile; fileRef = 042719581ECE98460063B6ED /* JXBaseModel.m */; };
		0427195C1ECE98570063B6ED /* JXBaseViewModel.m in Sources */ = {isa = PBXBuildFile; fileRef = 0427195B1ECE98570063B6ED /* JXBaseViewModel.m */; };
		042719631ECE99590063B6ED /* JXNavigationController.m in Sources */ = {isa = PBXBuildFile; fileRef = 042719621ECE99590063B6ED /* JXNavigationController.m */; };
		042719661ECE99850063B6ED /* JXTabBarController.m in Sources */ = {isa = PBXBuildFile; fileRef = 042719651ECE99850063B6ED /* JXTabBarController.m */; };
		042719691ECE9B490063B6ED /* UIImage+Image.m in Sources */ = {isa = PBXBuildFile; fileRef = 042719681ECE9B490063B6ED /* UIImage+Image.m */; };
		0427196F1ECE9ED80063B6ED /* JXTabBar.m in Sources */ = {isa = PBXBuildFile; fileRef = 0427196E1ECE9ED80063B6ED /* JXTabBar.m */; };
		042719721ECE9FF10063B6ED /* UIView+Extension.m in Sources */ = {isa = PBXBuildFile; fileRef = 042719711ECE9FF10063B6ED /* UIView+Extension.m */; };
		042719751ECEA1040063B6ED /* JXHomeViewController.m in Sources */ = {isa = PBXBuildFile; fileRef = 042719741ECEA1040063B6ED /* JXHomeViewController.m */; };
		0427198F1ECEA1E60063B6ED /* JXChatViewController.m in Sources */ = {isa = PBXBuildFile; fileRef = 0427198E1ECEA1E60063B6ED /* JXChatViewController.m */; };
		042719921ECEA1F80063B6ED /* JXDiscoverViewController.m in Sources */ = {isa = PBXBuildFile; fileRef = 042719911ECEA1F80063B6ED /* JXDiscoverViewController.m */; };
		042719951ECEA2040063B6ED /* JXMoreViewController.m in Sources */ = {isa = PBXBuildFile; fileRef = 042719941ECEA2040063B6ED /* JXMoreViewController.m */; };
		0427199D1ECEA2930063B6ED /* JXShopViewController.m in Sources */ = {isa = PBXBuildFile; fileRef = 0427199C1ECEA2930063B6ED /* JXShopViewController.m */; };
		042719A01ECEA5310063B6ED /* UIColor+Extension.m in Sources */ = {isa = PBXBuildFile; fileRef = 0427199F1ECEA5310063B6ED /* UIColor+Extension.m */; };
		042719A61ECEC87F0063B6ED /* FMDatabaseQueue+Extension.m in Sources */ = {isa = PBXBuildFile; fileRef = 042719A51ECEC87F0063B6ED /* FMDatabaseQueue+Extension.m */; };
		042719A91ECEC98D0063B6ED /* JXRequestViewModel.m in Sources */ = {isa = PBXBuildFile; fileRef = 042719A81ECEC98C0063B6ED /* JXRequestViewModel.m */; };
		042719AC1ECECA740063B6ED /* JXHomePageViewModel.m in Sources */ = {isa = PBXBuildFile; fileRef = 042719AB1ECECA740063B6ED /* JXHomePageViewModel.m */; };
		042719AF1ECECBCC0063B6ED /* JXHomePageCellViewModel.m in Sources */ = {isa = PBXBuildFile; fileRef = 042719AE1ECECBCC0063B6ED /* JXHomePageCellViewModel.m */; };
		042719B21ECECBFD0063B6ED /* JXArticleModel.m in Sources */ = {isa = PBXBuildFile; fileRef = 042719B11ECECBFD0063B6ED /* JXArticleModel.m */; };
		042719B51ECECD680063B6ED /* CFunctions.m in Sources */ = {isa = PBXBuildFile; fileRef = 042719B41ECECD680063B6ED /* CFunctions.m */; };
		042719B81ECED2EA0063B6ED /* JXHomePageCell.m in Sources */ = {isa = PBXBuildFile; fileRef = 042719B71ECED2EA0063B6ED /* JXHomePageCell.m */; };
		042719BB1ECED7C60063B6ED /* NotificationNames.m in Sources */ = {isa = PBXBuildFile; fileRef = 042719BA1ECED7C60063B6ED /* NotificationNames.m */; };
		042719BE1ECED89A0063B6ED /* JXBaseTableViewCell.m in Sources */ = {isa = PBXBuildFile; fileRef = 042719BD1ECED89A0063B6ED /* JXBaseTableViewCell.m */; };
		042719C21ECEE1510063B6ED /* NetWorkManager.m in Sources */ = {isa = PBXBuildFile; fileRef = 042719C11ECEE1510063B6ED /* NetWorkManager.m */; };
		048C415C1ED7D37500EB3994 /* PPHTTPRequest.m in Sources */ = {isa = PBXBuildFile; fileRef = 048C415B1ED7D37500EB3994 /* PPHTTPRequest.m */; };
		04F3A9641F2358F300A84962 /* UIView+Animation.m in Sources */ = {isa = PBXBuildFile; fileRef = 04F3A9451F2358F300A84962 /* UIView+Animation.m */; };
		04F3A9651F2358F300A84962 /* UIView+BlockGesture.m in Sources */ = {isa = PBXBuildFile; fileRef = 04F3A9471F2358F300A84962 /* UIView+BlockGesture.m */; };
		04F3A9661F2358F300A84962 /* UIView+Constraints.m in Sources */ = {isa = PBXBuildFile; fileRef = 04F3A9491F2358F300A84962 /* UIView+Constraints.m */; };
		04F3A9671F2358F300A84962 /* UIView+CustomBorder.m in Sources */ = {isa = PBXBuildFile; fileRef = 04F3A94B1F2358F300A84962 /* UIView+CustomBorder.m */; };
		04F3A9681F2358F300A84962 /* UIView+Debug.m in Sources */ = {isa = PBXBuildFile; fileRef = 04F3A94D1F2358F300A84962 /* UIView+Debug.m */; };
		04F3A9691F2358F300A84962 /* UIView+draggable.m in Sources */ = {isa = PBXBuildFile; fileRef = 04F3A94F1F2358F300A84962 /* UIView+draggable.m */; };
		04F3A96A1F2358F300A84962 /* UIView+Find.m in Sources */ = {isa = PBXBuildFile; fileRef = 04F3A9511F2358F300A84962 /* UIView+Find.m */; };
		04F3A96B1F2358F300A84962 /* UIView+Frame.m in Sources */ = {isa = PBXBuildFile; fileRef = 04F3A9531F2358F300A84962 /* UIView+Frame.m */; };
		04F3A96C1F2358F300A84962 /* UIView+GestureCallback.m in Sources */ = {isa = PBXBuildFile; fileRef = 04F3A9551F2358F300A84962 /* UIView+GestureCallback.m */; };
		04F3A96D1F2358F300A84962 /* UIView+Nib.m in Sources */ = {isa = PBXBuildFile; fileRef = 04F3A9571F2358F300A84962 /* UIView+Nib.m */; };
		04F3A96E1F2358F300A84962 /* UIView+Recursion.m in Sources */ = {isa = PBXBuildFile; fileRef = 04F3A9591F2358F300A84962 /* UIView+Recursion.m */; };
		04F3A96F1F2358F300A84962 /* UIView+Screenshot.m in Sources */ = {isa = PBXBuildFile; fileRef = 04F3A95B1F2358F300A84962 /* UIView+Screenshot.m */; };
		04F3A9701F2358F300A84962 /* UIView+Shake.m in Sources */ = {isa = PBXBuildFile; fileRef = 04F3A95D1F2358F300A84962 /* UIView+Shake.m */; };
		04F3A9711F2358F300A84962 /* UIView+Toast.m in Sources */ = {isa = PBXBuildFile; fileRef = 04F3A95F1F2358F300A84962 /* UIView+Toast.m */; };
		04F3A9721F2358F300A84962 /* UIView+ViewController.m in Sources */ = {isa = PBXBuildFile; fileRef = 04F3A9611F2358F300A84962 /* UIView+ViewController.m */; };
		04F3A9731F2358F300A84962 /* UIView+Visuals.m in Sources */ = {isa = PBXBuildFile; fileRef = 04F3A9631F2358F300A84962 /* UIView+Visuals.m */; };
		344BA8C5D85FE2A01A538E3B /* libPods-JXProjectFramework.a in Frameworks */ = {isa = PBXBuildFile; fileRef = 81ADB749CBA4D9AE15715490 /* libPods-JXProjectFramework.a */; };
/* End PBXBuildFile section */

/* Begin PBXFileReference section */
		0427192C1ECE95B10063B6ED /* JXProjectFramework.app */ = {isa = PBXFileReference; explicitFileType = wrapper.application; includeInIndex = 0; path = JXProjectFramework.app; sourceTree = BUILT_PRODUCTS_DIR; };
		042719301ECE95B10063B6ED /* main.m */ = {isa = PBXFileReference; lastKnownFileType = sourcecode.c.objc; path = main.m; sourceTree = "<group>"; };
		042719321ECE95B10063B6ED /* AppDelegate.h */ = {isa = PBXFileReference; lastKnownFileType = sourcecode.c.h; path = AppDelegate.h; sourceTree = "<group>"; };
		042719331ECE95B10063B6ED /* AppDelegate.m */ = {isa = PBXFileReference; lastKnownFileType = sourcecode.c.objc; path = AppDelegate.m; sourceTree = "<group>"; };
		0427193B1ECE95B10063B6ED /* Assets.xcassets */ = {isa = PBXFileReference; lastKnownFileType = folder.assetcatalog; path = Assets.xcassets; sourceTree = "<group>"; };
		0427193E1ECE95B10063B6ED /* Base */ = {isa = PBXFileReference; lastKnownFileType = file.storyboard; name = Base; path = Base.lproj/LaunchScreen.storyboard; sourceTree = "<group>"; };
		042719401ECE95B10063B6ED /* Info.plist */ = {isa = PBXFileReference; lastKnownFileType = text.plist.xml; path = Info.plist; sourceTree = "<group>"; };
		042719541ECE98000063B6ED /* JXBaseViewController.h */ = {isa = PBXFileReference; fileEncoding = 4; lastKnownFileType = sourcecode.c.h; path = JXBaseViewController.h; sourceTree = "<group>"; };
		042719551ECE98000063B6ED /* JXBaseViewController.m */ = {isa = PBXFileReference; fileEncoding = 4; lastKnownFileType = sourcecode.c.objc; path = JXBaseViewController.m; sourceTree = "<group>"; };
		042719571ECE98460063B6ED /* JXBaseModel.h */ = {isa = PBXFileReference; fileEncoding = 4; lastKnownFileType = sourcecode.c.h; path = JXBaseModel.h; sourceTree = "<group>"; };
		042719581ECE98460063B6ED /* JXBaseModel.m */ = {isa = PBXFileReference; fileEncoding = 4; lastKnownFileType = sourcecode.c.objc; path = JXBaseModel.m; sourceTree = "<group>"; };
		0427195A1ECE98570063B6ED /* JXBaseViewModel.h */ = {isa = PBXFileReference; fileEncoding = 4; lastKnownFileType = sourcecode.c.h; path = JXBaseViewModel.h; sourceTree = "<group>"; };
		0427195B1ECE98570063B6ED /* JXBaseViewModel.m */ = {isa = PBXFileReference; fileEncoding = 4; lastKnownFileType = sourcecode.c.objc; path = JXBaseViewModel.m; sourceTree = "<group>"; };
		042719611ECE99590063B6ED /* JXNavigationController.h */ = {isa = PBXFileReference; fileEncoding = 4; lastKnownFileType = sourcecode.c.h; path = JXNavigationController.h; sourceTree = "<group>"; };
		042719621ECE99590063B6ED /* JXNavigationController.m */ = {isa = PBXFileReference; fileEncoding = 4; lastKnownFileType = sourcecode.c.objc; path = JXNavigationController.m; sourceTree = "<group>"; };
		042719641ECE99850063B6ED /* JXTabBarController.h */ = {isa = PBXFileReference; fileEncoding = 4; lastKnownFileType = sourcecode.c.h; path = JXTabBarController.h; sourceTree = "<group>"; };
		042719651ECE99850063B6ED /* JXTabBarController.m */ = {isa = PBXFileReference; fileEncoding = 4; lastKnownFileType = sourcecode.c.objc; path = JXTabBarController.m; sourceTree = "<group>"; };
		042719671ECE9B490063B6ED /* UIImage+Image.h */ = {isa = PBXFileReference; fileEncoding = 4; lastKnownFileType = sourcecode.c.h; path = "UIImage+Image.h"; sourceTree = "<group>"; };
		042719681ECE9B490063B6ED /* UIImage+Image.m */ = {isa = PBXFileReference; fileEncoding = 4; lastKnownFileType = sourcecode.c.objc; path = "UIImage+Image.m"; sourceTree = "<group>"; };
		0427196A1ECE9B860063B6ED /* Define.h */ = {isa = PBXFileReference; lastKnownFileType = sourcecode.c.h; path = Define.h; sourceTree = "<group>"; };
		0427196B1ECE9BDB0063B6ED /* JXProjectFramework.pch */ = {isa = PBXFileReference; lastKnownFileType = sourcecode.c.h; path = JXProjectFramework.pch; sourceTree = "<group>"; };
		0427196D1ECE9ED80063B6ED /* JXTabBar.h */ = {isa = PBXFileReference; fileEncoding = 4; lastKnownFileType = sourcecode.c.h; path = JXTabBar.h; sourceTree = "<group>"; };
		0427196E1ECE9ED80063B6ED /* JXTabBar.m */ = {isa = PBXFileReference; fileEncoding = 4; lastKnownFileType = sourcecode.c.objc; path = JXTabBar.m; sourceTree = "<group>"; };
		042719701ECE9FF10063B6ED /* UIView+Extension.h */ = {isa = PBXFileReference; fileEncoding = 4; lastKnownFileType = sourcecode.c.h; path = "UIView+Extension.h"; sourceTree = "<group>"; };
		042719711ECE9FF10063B6ED /* UIView+Extension.m */ = {isa = PBXFileReference; fileEncoding = 4; lastKnownFileType = sourcecode.c.objc; path = "UIView+Extension.m"; sourceTree = "<group>"; };
		042719731ECEA1040063B6ED /* JXHomeViewController.h */ = {isa = PBXFileReference; fileEncoding = 4; lastKnownFileType = sourcecode.c.h; path = JXHomeViewController.h; sourceTree = "<group>"; };
		042719741ECEA1040063B6ED /* JXHomeViewController.m */ = {isa = PBXFileReference; fileEncoding = 4; lastKnownFileType = sourcecode.c.objc; path = JXHomeViewController.m; sourceTree = "<group>"; };
		0427198D1ECEA1E60063B6ED /* JXChatViewController.h */ = {isa = PBXFileReference; fileEncoding = 4; lastKnownFileType = sourcecode.c.h; path = JXChatViewController.h; sourceTree = "<group>"; };
		0427198E1ECEA1E60063B6ED /* JXChatViewController.m */ = {isa = PBXFileReference; fileEncoding = 4; lastKnownFileType = sourcecode.c.objc; path = JXChatViewController.m; sourceTree = "<group>"; };
		042719901ECEA1F80063B6ED /* JXDiscoverViewController.h */ = {isa = PBXFileReference; fileEncoding = 4; lastKnownFileType = sourcecode.c.h; path = JXDiscoverViewController.h; sourceTree = "<group>"; };
		042719911ECEA1F80063B6ED /* JXDiscoverViewController.m */ = {isa = PBXFileReference; fileEncoding = 4; lastKnownFileType = sourcecode.c.objc; path = JXDiscoverViewController.m; sourceTree = "<group>"; };
		042719931ECEA2040063B6ED /* JXMoreViewController.h */ = {isa = PBXFileReference; fileEncoding = 4; lastKnownFileType = sourcecode.c.h; path = JXMoreViewController.h; sourceTree = "<group>"; };
		042719941ECEA2040063B6ED /* JXMoreViewController.m */ = {isa = PBXFileReference; fileEncoding = 4; lastKnownFileType = sourcecode.c.objc; path = JXMoreViewController.m; sourceTree = "<group>"; };
		0427199B1ECEA2930063B6ED /* JXShopViewController.h */ = {isa = PBXFileReference; fileEncoding = 4; lastKnownFileType = sourcecode.c.h; path = JXShopViewController.h; sourceTree = "<group>"; };
		0427199C1ECEA2930063B6ED /* JXShopViewController.m */ = {isa = PBXFileReference; fileEncoding = 4; lastKnownFileType = sourcecode.c.objc; path = JXShopViewController.m; sourceTree = "<group>"; };
		0427199E1ECEA5310063B6ED /* UIColor+Extension.h */ = {isa = PBXFileReference; fileEncoding = 4; lastKnownFileType = sourcecode.c.h; path = "UIColor+Extension.h"; sourceTree = "<group>"; };
		0427199F1ECEA5310063B6ED /* UIColor+Extension.m */ = {isa = PBXFileReference; fileEncoding = 4; lastKnownFileType = sourcecode.c.objc; path = "UIColor+Extension.m"; sourceTree = "<group>"; };
		042719A21ECEC5CA0063B6ED /* SQLInterface.h */ = {isa = PBXFileReference; lastKnownFileType = sourcecode.c.h; path = SQLInterface.h; sourceTree = "<group>"; };
		042719A31ECEC5EE0063B6ED /* SQL.h */ = {isa = PBXFileReference; lastKnownFileType = sourcecode.c.h; path = SQL.h; sourceTree = "<group>"; };
		042719A41ECEC87F0063B6ED /* FMDatabaseQueue+Extension.h */ = {isa = PBXFileReference; fileEncoding = 4; lastKnownFileType = sourcecode.c.h; path = "FMDatabaseQueue+Extension.h"; sourceTree = "<group>"; };
		042719A51ECEC87F0063B6ED /* FMDatabaseQueue+Extension.m */ = {isa = PBXFileReference; fileEncoding = 4; lastKnownFileType = sourcecode.c.objc; path = "FMDatabaseQueue+Extension.m"; sourceTree = "<group>"; };
		042719A71ECEC98C0063B6ED /* JXRequestViewModel.h */ = {isa = PBXFileReference; fileEncoding = 4; lastKnownFileType = sourcecode.c.h; path = JXRequestViewModel.h; sourceTree = "<group>"; };
		042719A81ECEC98C0063B6ED /* JXRequestViewModel.m */ = {isa = PBXFileReference; fileEncoding = 4; lastKnownFileType = sourcecode.c.objc; path = JXRequestViewModel.m; sourceTree = "<group>"; };
		042719AA1ECECA740063B6ED /* JXHomePageViewModel.h */ = {isa = PBXFileReference; fileEncoding = 4; lastKnownFileType = sourcecode.c.h; path = JXHomePageViewModel.h; sourceTree = "<group>"; };
		042719AB1ECECA740063B6ED /* JXHomePageViewModel.m */ = {isa = PBXFileReference; fileEncoding = 4; lastKnownFileType = sourcecode.c.objc; path = JXHomePageViewModel.m; sourceTree = "<group>"; };
		042719AD1ECECBCC0063B6ED /* JXHomePageCellViewModel.h */ = {isa = PBXFileReference; fileEncoding = 4; lastKnownFileType = sourcecode.c.h; path = JXHomePageCellViewModel.h; sourceTree = "<group>"; };
		042719AE1ECECBCC0063B6ED /* JXHomePageCellViewModel.m */ = {isa = PBXFileReference; fileEncoding = 4; lastKnownFileType = sourcecode.c.objc; path = JXHomePageCellViewModel.m; sourceTree = "<group>"; };
		042719B01ECECBFD0063B6ED /* JXArticleModel.h */ = {isa = PBXFileReference; fileEncoding = 4; lastKnownFileType = sourcecode.c.h; path = JXArticleModel.h; sourceTree = "<group>"; };
		042719B11ECECBFD0063B6ED /* JXArticleModel.m */ = {isa = PBXFileReference; fileEncoding = 4; lastKnownFileType = sourcecode.c.objc; path = JXArticleModel.m; sourceTree = "<group>"; };
		042719B31ECECD680063B6ED /* CFunctions.h */ = {isa = PBXFileReference; fileEncoding = 4; lastKnownFileType = sourcecode.c.h; path = CFunctions.h; sourceTree = "<group>"; };
		042719B41ECECD680063B6ED /* CFunctions.m */ = {isa = PBXFileReference; fileEncoding = 4; lastKnownFileType = sourcecode.c.objc; path = CFunctions.m; sourceTree = "<group>"; };
		042719B61ECED2EA0063B6ED /* JXHomePageCell.h */ = {isa = PBXFileReference; fileEncoding = 4; lastKnownFileType = sourcecode.c.h; path = JXHomePageCell.h; sourceTree = "<group>"; };
		042719B71ECED2EA0063B6ED /* JXHomePageCell.m */ = {isa = PBXFileReference; fileEncoding = 4; lastKnownFileType = sourcecode.c.objc; path = JXHomePageCell.m; sourceTree = "<group>"; };
		042719B91ECED7C60063B6ED /* NotificationNames.h */ = {isa = PBXFileReference; fileEncoding = 4; lastKnownFileType = sourcecode.c.h; path = NotificationNames.h; sourceTree = "<group>"; };
		042719BA1ECED7C60063B6ED /* NotificationNames.m */ = {isa = PBXFileReference; fileEncoding = 4; lastKnownFileType = sourcecode.c.objc; path = NotificationNames.m; sourceTree = "<group>"; };
		042719BC1ECED89A0063B6ED /* JXBaseTableViewCell.h */ = {isa = PBXFileReference; fileEncoding = 4; lastKnownFileType = sourcecode.c.h; path = JXBaseTableViewCell.h; sourceTree = "<group>"; };
		042719BD1ECED89A0063B6ED /* JXBaseTableViewCell.m */ = {isa = PBXFileReference; fileEncoding = 4; lastKnownFileType = sourcecode.c.objc; path = JXBaseTableViewCell.m; sourceTree = "<group>"; };
		042719C01ECEE1510063B6ED /* NetWorkManager.h */ = {isa = PBXFileReference; fileEncoding = 4; lastKnownFileType = sourcecode.c.h; path = NetWorkManager.h; sourceTree = "<group>"; };
		042719C11ECEE1510063B6ED /* NetWorkManager.m */ = {isa = PBXFileReference; fileEncoding = 4; lastKnownFileType = sourcecode.c.objc; path = NetWorkManager.m; sourceTree = "<group>"; };
		048C415A1ED7D37500EB3994 /* PPHTTPRequest.h */ = {isa = PBXFileReference; fileEncoding = 4; lastKnownFileType = sourcecode.c.h; path = PPHTTPRequest.h; sourceTree = "<group>"; };
		048C415B1ED7D37500EB3994 /* PPHTTPRequest.m */ = {isa = PBXFileReference; fileEncoding = 4; lastKnownFileType = sourcecode.c.objc; path = PPHTTPRequest.m; sourceTree = "<group>"; };
		04F3A9441F2358F300A84962 /* UIView+Animation.h */ = {isa = PBXFileReference; fileEncoding = 4; lastKnownFileType = sourcecode.c.h; path = "UIView+Animation.h"; sourceTree = "<group>"; };
		04F3A9451F2358F300A84962 /* UIView+Animation.m */ = {isa = PBXFileReference; fileEncoding = 4; lastKnownFileType = sourcecode.c.objc; path = "UIView+Animation.m"; sourceTree = "<group>"; };
		04F3A9461F2358F300A84962 /* UIView+BlockGesture.h */ = {isa = PBXFileReference; fileEncoding = 4; lastKnownFileType = sourcecode.c.h; path = "UIView+BlockGesture.h"; sourceTree = "<group>"; };
		04F3A9471F2358F300A84962 /* UIView+BlockGesture.m */ = {isa = PBXFileReference; fileEncoding = 4; lastKnownFileType = sourcecode.c.objc; path = "UIView+BlockGesture.m"; sourceTree = "<group>"; };
		04F3A9481F2358F300A84962 /* UIView+Constraints.h */ = {isa = PBXFileReference; fileEncoding = 4; lastKnownFileType = sourcecode.c.h; path = "UIView+Constraints.h"; sourceTree = "<group>"; };
		04F3A9491F2358F300A84962 /* UIView+Constraints.m */ = {isa = PBXFileReference; fileEncoding = 4; lastKnownFileType = sourcecode.c.objc; path = "UIView+Constraints.m"; sourceTree = "<group>"; };
		04F3A94A1F2358F300A84962 /* UIView+CustomBorder.h */ = {isa = PBXFileReference; fileEncoding = 4; lastKnownFileType = sourcecode.c.h; path = "UIView+CustomBorder.h"; sourceTree = "<group>"; };
		04F3A94B1F2358F300A84962 /* UIView+CustomBorder.m */ = {isa = PBXFileReference; fileEncoding = 4; lastKnownFileType = sourcecode.c.objc; path = "UIView+CustomBorder.m"; sourceTree = "<group>"; };
		04F3A94C1F2358F300A84962 /* UIView+Debug.h */ = {isa = PBXFileReference; fileEncoding = 4; lastKnownFileType = sourcecode.c.h; path = "UIView+Debug.h"; sourceTree = "<group>"; };
		04F3A94D1F2358F300A84962 /* UIView+Debug.m */ = {isa = PBXFileReference; fileEncoding = 4; lastKnownFileType = sourcecode.c.objc; path = "UIView+Debug.m"; sourceTree = "<group>"; };
		04F3A94E1F2358F300A84962 /* UIView+draggable.h */ = {isa = PBXFileReference; fileEncoding = 4; lastKnownFileType = sourcecode.c.h; path = "UIView+draggable.h"; sourceTree = "<group>"; };
		04F3A94F1F2358F300A84962 /* UIView+draggable.m */ = {isa = PBXFileReference; fileEncoding = 4; lastKnownFileType = sourcecode.c.objc; path = "UIView+draggable.m"; sourceTree = "<group>"; };
		04F3A9501F2358F300A84962 /* UIView+Find.h */ = {isa = PBXFileReference; fileEncoding = 4; lastKnownFileType = sourcecode.c.h; path = "UIView+Find.h"; sourceTree = "<group>"; };
		04F3A9511F2358F300A84962 /* UIView+Find.m */ = {isa = PBXFileReference; fileEncoding = 4; lastKnownFileType = sourcecode.c.objc; path = "UIView+Find.m"; sourceTree = "<group>"; };
		04F3A9521F2358F300A84962 /* UIView+Frame.h */ = {isa = PBXFileReference; fileEncoding = 4; lastKnownFileType = sourcecode.c.h; path = "UIView+Frame.h"; sourceTree = "<group>"; };
		04F3A9531F2358F300A84962 /* UIView+Frame.m */ = {isa = PBXFileReference; fileEncoding = 4; lastKnownFileType = sourcecode.c.objc; path = "UIView+Frame.m"; sourceTree = "<group>"; };
		04F3A9541F2358F300A84962 /* UIView+GestureCallback.h */ = {isa = PBXFileReference; fileEncoding = 4; lastKnownFileType = sourcecode.c.h; path = "UIView+GestureCallback.h"; sourceTree = "<group>"; };
		04F3A9551F2358F300A84962 /* UIView+GestureCallback.m */ = {isa = PBXFileReference; fileEncoding = 4; lastKnownFileType = sourcecode.c.objc; path = "UIView+GestureCallback.m"; sourceTree = "<group>"; };
		04F3A9561F2358F300A84962 /* UIView+Nib.h */ = {isa = PBXFileReference; fileEncoding = 4; lastKnownFileType = sourcecode.c.h; path = "UIView+Nib.h"; sourceTree = "<group>"; };
		04F3A9571F2358F300A84962 /* UIView+Nib.m */ = {isa = PBXFileReference; fileEncoding = 4; lastKnownFileType = sourcecode.c.objc; path = "UIView+Nib.m"; sourceTree = "<group>"; };
		04F3A9581F2358F300A84962 /* UIView+Recursion.h */ = {isa = PBXFileReference; fileEncoding = 4; lastKnownFileType = sourcecode.c.h; path = "UIView+Recursion.h"; sourceTree = "<group>"; };
		04F3A9591F2358F300A84962 /* UIView+Recursion.m */ = {isa = PBXFileReference; fileEncoding = 4; lastKnownFileType = sourcecode.c.objc; path = "UIView+Recursion.m"; sourceTree = "<group>"; };
		04F3A95A1F2358F300A84962 /* UIView+Screenshot.h */ = {isa = PBXFileReference; fileEncoding = 4; lastKnownFileType = sourcecode.c.h; path = "UIView+Screenshot.h"; sourceTree = "<group>"; };
		04F3A95B1F2358F300A84962 /* UIView+Screenshot.m */ = {isa = PBXFileReference; fileEncoding = 4; lastKnownFileType = sourcecode.c.objc; path = "UIView+Screenshot.m"; sourceTree = "<group>"; };
		04F3A95C1F2358F300A84962 /* UIView+Shake.h */ = {isa = PBXFileReference; fileEncoding = 4; lastKnownFileType = sourcecode.c.h; path = "UIView+Shake.h"; sourceTree = "<group>"; };
		04F3A95D1F2358F300A84962 /* UIView+Shake.m */ = {isa = PBXFileReference; fileEncoding = 4; lastKnownFileType = sourcecode.c.objc; path = "UIView+Shake.m"; sourceTree = "<group>"; };
		04F3A95E1F2358F300A84962 /* UIView+Toast.h */ = {isa = PBXFileReference; fileEncoding = 4; lastKnownFileType = sourcecode.c.h; path = "UIView+Toast.h"; sourceTree = "<group>"; };
		04F3A95F1F2358F300A84962 /* UIView+Toast.m */ = {isa = PBXFileReference; fileEncoding = 4; lastKnownFileType = sourcecode.c.objc; path = "UIView+Toast.m"; sourceTree = "<group>"; };
		04F3A9601F2358F300A84962 /* UIView+ViewController.h */ = {isa = PBXFileReference; fileEncoding = 4; lastKnownFileType = sourcecode.c.h; path = "UIView+ViewController.h"; sourceTree = "<group>"; };
		04F3A9611F2358F300A84962 /* UIView+ViewController.m */ = {isa = PBXFileReference; fileEncoding = 4; lastKnownFileType = sourcecode.c.objc; path = "UIView+ViewController.m"; sourceTree = "<group>"; };
		04F3A9621F2358F300A84962 /* UIView+Visuals.h */ = {isa = PBXFileReference; fileEncoding = 4; lastKnownFileType = sourcecode.c.h; path = "UIView+Visuals.h"; sourceTree = "<group>"; };
		04F3A9631F2358F300A84962 /* UIView+Visuals.m */ = {isa = PBXFileReference; fileEncoding = 4; lastKnownFileType = sourcecode.c.objc; path = "UIView+Visuals.m"; sourceTree = "<group>"; };
		2297769CA9925FD5C3700F0B /* Pods-JXProjectFramework.debug.xcconfig */ = {isa = PBXFileReference; includeInIndex = 1; lastKnownFileType = text.xcconfig; name = "Pods-JXProjectFramework.debug.xcconfig"; path = "Pods/Target Support Files/Pods-JXProjectFramework/Pods-JXProjectFramework.debug.xcconfig"; sourceTree = "<group>"; };
		81ADB749CBA4D9AE15715490 /* libPods-JXProjectFramework.a */ = {isa = PBXFileReference; explicitFileType = archive.ar; includeInIndex = 0; path = "libPods-JXProjectFramework.a"; sourceTree = BUILT_PRODUCTS_DIR; };
		9423E8E27CB33C4C4A236119 /* Pods-JXProjectFramework.release.xcconfig */ = {isa = PBXFileReference; includeInIndex = 1; lastKnownFileType = text.xcconfig; name = "Pods-JXProjectFramework.release.xcconfig"; path = "Pods/Target Support Files/Pods-JXProjectFramework/Pods-JXProjectFramework.release.xcconfig"; sourceTree = "<group>"; };
/* End PBXFileReference section */

/* Begin PBXFrameworksBuildPhase section */
		042719291ECE95B10063B6ED /* Frameworks */ = {
			isa = PBXFrameworksBuildPhase;
			buildActionMask = 2147483647;
			files = (
				344BA8C5D85FE2A01A538E3B /* libPods-JXProjectFramework.a in Frameworks */,
			);
			runOnlyForDeploymentPostprocessing = 0;
		};
/* End PBXFrameworksBuildPhase section */

/* Begin PBXGroup section */
		042719231ECE95B10063B6ED = {
			isa = PBXGroup;
			children = (
				0427192E1ECE95B10063B6ED /* JXProjectFramework */,
				0427192D1ECE95B10063B6ED /* Products */,
				740F923012234AED951B9DA3 /* Pods */,
				86898E7BEDCFA34B8778DF44 /* Frameworks */,
			);
			sourceTree = "<group>";
		};
		0427192D1ECE95B10063B6ED /* Products */ = {
			isa = PBXGroup;
			children = (
				0427192C1ECE95B10063B6ED /* JXProjectFramework.app */,
			);
			name = Products;
			sourceTree = "<group>";
		};
		0427192E1ECE95B10063B6ED /* JXProjectFramework */ = {
			isa = PBXGroup;
			children = (
				042719321ECE95B10063B6ED /* AppDelegate.h */,
				042719331ECE95B10063B6ED /* AppDelegate.m */,
				042719461ECE97840063B6ED /* Classes */,
				0427193B1ECE95B10063B6ED /* Assets.xcassets */,
				0427193D1ECE95B10063B6ED /* LaunchScreen.storyboard */,
				042719401ECE95B10063B6ED /* Info.plist */,
				0427192F1ECE95B10063B6ED /* Supporting Files */,
			);
			path = JXProjectFramework;
			sourceTree = "<group>";
		};
		0427192F1ECE95B10063B6ED /* Supporting Files */ = {
			isa = PBXGroup;
			children = (
				042719301ECE95B10063B6ED /* main.m */,
				0427196B1ECE9BDB0063B6ED /* JXProjectFramework.pch */,
			);
			name = "Supporting Files";
			sourceTree = "<group>";
		};
		042719461ECE97840063B6ED /* Classes */ = {
			isa = PBXGroup;
			children = (
				042719471ECE97840063B6ED /* Base */,
				0427194C1ECE97850063B6ED /* Global */,
				0427194D1ECE97850063B6ED /* Home */,
				042719761ECEA1D70063B6ED /* Chat */,
				0427197B1ECEA1D70063B6ED /* Discover */,
				042719801ECEA1D70063B6ED /* More */,
				042719961ECEA2860063B6ED /* Shop */,
				042719521ECE97850063B6ED /* Other */,
			);
			path = Classes;
			sourceTree = "<group>";
		};
		042719471ECE97840063B6ED /* Base */ = {
			isa = PBXGroup;
			children = (
				042719481ECE97840063B6ED /* Controller */,
				042719491ECE97840063B6ED /* Model */,
				0427194A1ECE97840063B6ED /* View */,
				0427194B1ECE97850063B6ED /* ViewModel */,
			);
			path = Base;
			sourceTree = "<group>";
		};
		042719481ECE97840063B6ED /* Controller */ = {
			isa = PBXGroup;
			children = (
				042719541ECE98000063B6ED /* JXBaseViewController.h */,
				042719551ECE98000063B6ED /* JXBaseViewController.m */,
			);
			path = Controller;
			sourceTree = "<group>";
		};
		042719491ECE97840063B6ED /* Model */ = {
			isa = PBXGroup;
			children = (
				042719571ECE98460063B6ED /* JXBaseModel.h */,
				042719581ECE98460063B6ED /* JXBaseModel.m */,
			);
			path = Model;
			sourceTree = "<group>";
		};
		0427194A1ECE97840063B6ED /* View */ = {
			isa = PBXGroup;
			children = (
				042719BC1ECED89A0063B6ED /* JXBaseTableViewCell.h */,
				042719BD1ECED89A0063B6ED /* JXBaseTableViewCell.m */,
			);
			path = View;
			sourceTree = "<group>";
		};
		0427194B1ECE97850063B6ED /* ViewModel */ = {
			isa = PBXGroup;
			children = (
				0427195A1ECE98570063B6ED /* JXBaseViewModel.h */,
				0427195B1ECE98570063B6ED /* JXBaseViewModel.m */,
				042719A71ECEC98C0063B6ED /* JXRequestViewModel.h */,
				042719A81ECEC98C0063B6ED /* JXRequestViewModel.m */,
			);
			path = ViewModel;
			sourceTree = "<group>";
		};
		0427194C1ECE97850063B6ED /* Global */ = {
			isa = PBXGroup;
			children = (
				0427196C1ECE9EC50063B6ED /* View */,
				042719601ECE993F0063B6ED /* Controller */,
				042719A11ECEC5BB0063B6ED /* SQL */,
				0427196A1ECE9B860063B6ED /* Define.h */,
				048C415A1ED7D37500EB3994 /* PPHTTPRequest.h */,
				048C415B1ED7D37500EB3994 /* PPHTTPRequest.m */,
				042719B31ECECD680063B6ED /* CFunctions.h */,
				042719B41ECECD680063B6ED /* CFunctions.m */,
				042719B91ECED7C60063B6ED /* NotificationNames.h */,
				042719BA1ECED7C60063B6ED /* NotificationNames.m */,
			);
			path = Global;
			sourceTree = "<group>";
		};
		0427194D1ECE97850063B6ED /* Home */ = {
			isa = PBXGroup;
			children = (
				0427194E1ECE97850063B6ED /* Controller */,
				0427194F1ECE97850063B6ED /* Model */,
				042719501ECE97850063B6ED /* View */,
				042719511ECE97850063B6ED /* ViewModel */,
			);
			path = Home;
			sourceTree = "<group>";
		};
		0427194E1ECE97850063B6ED /* Controller */ = {
			isa = PBXGroup;
			children = (
				042719731ECEA1040063B6ED /* JXHomeViewController.h */,
				042719741ECEA1040063B6ED /* JXHomeViewController.m */,
			);
			path = Controller;
			sourceTree = "<group>";
		};
		0427194F1ECE97850063B6ED /* Model */ = {
			isa = PBXGroup;
			children = (
				042719B01ECECBFD0063B6ED /* JXArticleModel.h */,
				042719B11ECECBFD0063B6ED /* JXArticleModel.m */,
			);
			path = Model;
			sourceTree = "<group>";
		};
		042719501ECE97850063B6ED /* View */ = {
			isa = PBXGroup;
			children = (
				042719B61ECED2EA0063B6ED /* JXHomePageCell.h */,
				042719B71ECED2EA0063B6ED /* JXHomePageCell.m */,
			);
			path = View;
			sourceTree = "<group>";
		};
		042719511ECE97850063B6ED /* ViewModel */ = {
			isa = PBXGroup;
			children = (
				042719AA1ECECA740063B6ED /* JXHomePageViewModel.h */,
				042719AB1ECECA740063B6ED /* JXHomePageViewModel.m */,
				042719AD1ECECBCC0063B6ED /* JXHomePageCellViewModel.h */,
				042719AE1ECECBCC0063B6ED /* JXHomePageCellViewModel.m */,
			);
			path = ViewModel;
			sourceTree = "<group>";
		};
		042719521ECE97850063B6ED /* Other */ = {
			isa = PBXGroup;
			children = (
				042719BF1ECEE12B0063B6ED /* Tools */,
				042719531ECE97850063B6ED /* Category */,
			);
			path = Other;
			sourceTree = "<group>";
		};
		042719531ECE97850063B6ED /* Category */ = {
			isa = PBXGroup;
			children = (
				04F3A9431F2358F300A84962 /* UIView */,
				042719671ECE9B490063B6ED /* UIImage+Image.h */,
				042719681ECE9B490063B6ED /* UIImage+Image.m */,
				042719701ECE9FF10063B6ED /* UIView+Extension.h */,
				042719711ECE9FF10063B6ED /* UIView+Extension.m */,
				0427199E1ECEA5310063B6ED /* UIColor+Extension.h */,
				0427199F1ECEA5310063B6ED /* UIColor+Extension.m */,
				042719A41ECEC87F0063B6ED /* FMDatabaseQueue+Extension.h */,
				042719A51ECEC87F0063B6ED /* FMDatabaseQueue+Extension.m */,
			);
			path = Category;
			sourceTree = "<group>";
		};
		042719601ECE993F0063B6ED /* Controller */ = {
			isa = PBXGroup;
			children = (
				042719611ECE99590063B6ED /* JXNavigationController.h */,
				042719621ECE99590063B6ED /* JXNavigationController.m */,
				042719641ECE99850063B6ED /* JXTabBarController.h */,
				042719651ECE99850063B6ED /* JXTabBarController.m */,
			);
			path = Controller;
			sourceTree = "<group>";
		};
		0427196C1ECE9EC50063B6ED /* View */ = {
			isa = PBXGroup;
			children = (
				0427196D1ECE9ED80063B6ED /* JXTabBar.h */,
				0427196E1ECE9ED80063B6ED /* JXTabBar.m */,
			);
			path = View;
			sourceTree = "<group>";
		};
		042719761ECEA1D70063B6ED /* Chat */ = {
			isa = PBXGroup;
			children = (
				042719771ECEA1D70063B6ED /* Controller */,
				042719781ECEA1D70063B6ED /* Model */,
				042719791ECEA1D70063B6ED /* View */,
				0427197A1ECEA1D70063B6ED /* ViewModel */,
			);
			path = Chat;
			sourceTree = "<group>";
		};
		042719771ECEA1D70063B6ED /* Controller */ = {
			isa = PBXGroup;
			children = (
				0427198D1ECEA1E60063B6ED /* JXChatViewController.h */,
				0427198E1ECEA1E60063B6ED /* JXChatViewController.m */,
			);
			path = Controller;
			sourceTree = "<group>";
		};
		042719781ECEA1D70063B6ED /* Model */ = {
			isa = PBXGroup;
			children = (
			);
			path = Model;
			sourceTree = "<group>";
		};
		042719791ECEA1D70063B6ED /* View */ = {
			isa = PBXGroup;
			children = (
			);
			path = View;
			sourceTree = "<group>";
		};
		0427197A1ECEA1D70063B6ED /* ViewModel */ = {
			isa = PBXGroup;
			children = (
			);
			path = ViewModel;
			sourceTree = "<group>";
		};
		0427197B1ECEA1D70063B6ED /* Discover */ = {
			isa = PBXGroup;
			children = (
				0427197C1ECEA1D70063B6ED /* Controller */,
				0427197D1ECEA1D70063B6ED /* Model */,
				0427197E1ECEA1D70063B6ED /* View */,
				0427197F1ECEA1D70063B6ED /* ViewModel */,
			);
			path = Discover;
			sourceTree = "<group>";
		};
		0427197C1ECEA1D70063B6ED /* Controller */ = {
			isa = PBXGroup;
			children = (
				042719901ECEA1F80063B6ED /* JXDiscoverViewController.h */,
				042719911ECEA1F80063B6ED /* JXDiscoverViewController.m */,
			);
			path = Controller;
			sourceTree = "<group>";
		};
		0427197D1ECEA1D70063B6ED /* Model */ = {
			isa = PBXGroup;
			children = (
			);
			path = Model;
			sourceTree = "<group>";
		};
		0427197E1ECEA1D70063B6ED /* View */ = {
			isa = PBXGroup;
			children = (
			);
			path = View;
			sourceTree = "<group>";
		};
		0427197F1ECEA1D70063B6ED /* ViewModel */ = {
			isa = PBXGroup;
			children = (
			);
			path = ViewModel;
			sourceTree = "<group>";
		};
		042719801ECEA1D70063B6ED /* More */ = {
			isa = PBXGroup;
			children = (
				042719811ECEA1D70063B6ED /* Controller */,
				042719821ECEA1D70063B6ED /* Model */,
				042719831ECEA1D70063B6ED /* View */,
				042719841ECEA1D70063B6ED /* ViewModel */,
			);
			path = More;
			sourceTree = "<group>";
		};
		042719811ECEA1D70063B6ED /* Controller */ = {
			isa = PBXGroup;
			children = (
				042719931ECEA2040063B6ED /* JXMoreViewController.h */,
				042719941ECEA2040063B6ED /* JXMoreViewController.m */,
			);
			path = Controller;
			sourceTree = "<group>";
		};
		042719821ECEA1D70063B6ED /* Model */ = {
			isa = PBXGroup;
			children = (
			);
			path = Model;
			sourceTree = "<group>";
		};
		042719831ECEA1D70063B6ED /* View */ = {
			isa = PBXGroup;
			children = (
			);
			path = View;
			sourceTree = "<group>";
		};
		042719841ECEA1D70063B6ED /* ViewModel */ = {
			isa = PBXGroup;
			children = (
			);
			path = ViewModel;
			sourceTree = "<group>";
		};
		042719961ECEA2860063B6ED /* Shop */ = {
			isa = PBXGroup;
			children = (
				042719971ECEA2860063B6ED /* Controller */,
				042719981ECEA2860063B6ED /* Model */,
				042719991ECEA2860063B6ED /* View */,
				0427199A1ECEA2860063B6ED /* ViewModel */,
			);
			path = Shop;
			sourceTree = "<group>";
		};
		042719971ECEA2860063B6ED /* Controller */ = {
			isa = PBXGroup;
			children = (
				0427199B1ECEA2930063B6ED /* JXShopViewController.h */,
				0427199C1ECEA2930063B6ED /* JXShopViewController.m */,
			);
			path = Controller;
			sourceTree = "<group>";
		};
		042719981ECEA2860063B6ED /* Model */ = {
			isa = PBXGroup;
			children = (
			);
			path = Model;
			sourceTree = "<group>";
		};
		042719991ECEA2860063B6ED /* View */ = {
			isa = PBXGroup;
			children = (
			);
			path = View;
			sourceTree = "<group>";
		};
		0427199A1ECEA2860063B6ED /* ViewModel */ = {
			isa = PBXGroup;
			children = (
			);
			path = ViewModel;
			sourceTree = "<group>";
		};
		042719A11ECEC5BB0063B6ED /* SQL */ = {
			isa = PBXGroup;
			children = (
				042719A21ECEC5CA0063B6ED /* SQLInterface.h */,
				042719A31ECEC5EE0063B6ED /* SQL.h */,
			);
			path = SQL;
			sourceTree = "<group>";
		};
		042719BF1ECEE12B0063B6ED /* Tools */ = {
			isa = PBXGroup;
			children = (
				042719C01ECEE1510063B6ED /* NetWorkManager.h */,
				042719C11ECEE1510063B6ED /* NetWorkManager.m */,
			);
			path = Tools;
			sourceTree = "<group>";
		};
		04F3A9431F2358F300A84962 /* UIView */ = {
			isa = PBXGroup;
			children = (
				04F3A9441F2358F300A84962 /* UIView+Animation.h */,
				04F3A9451F2358F300A84962 /* UIView+Animation.m */,
				04F3A9461F2358F300A84962 /* UIView+BlockGesture.h */,
				04F3A9471F2358F300A84962 /* UIView+BlockGesture.m */,
				04F3A9481F2358F300A84962 /* UIView+Constraints.h */,
				04F3A9491F2358F300A84962 /* UIView+Constraints.m */,
				04F3A94A1F2358F300A84962 /* UIView+CustomBorder.h */,
				04F3A94B1F2358F300A84962 /* UIView+CustomBorder.m */,
				04F3A94C1F2358F300A84962 /* UIView+Debug.h */,
				04F3A94D1F2358F300A84962 /* UIView+Debug.m */,
				04F3A94E1F2358F300A84962 /* UIView+draggable.h */,
				04F3A94F1F2358F300A84962 /* UIView+draggable.m */,
				04F3A9501F2358F300A84962 /* UIView+Find.h */,
				04F3A9511F2358F300A84962 /* UIView+Find.m */,
				04F3A9521F2358F300A84962 /* UIView+Frame.h */,
				04F3A9531F2358F300A84962 /* UIView+Frame.m */,
				04F3A9541F2358F300A84962 /* UIView+GestureCallback.h */,
				04F3A9551F2358F300A84962 /* UIView+GestureCallback.m */,
				04F3A9561F2358F300A84962 /* UIView+Nib.h */,
				04F3A9571F2358F300A84962 /* UIView+Nib.m */,
				04F3A9581F2358F300A84962 /* UIView+Recursion.h */,
				04F3A9591F2358F300A84962 /* UIView+Recursion.m */,
				04F3A95A1F2358F300A84962 /* UIView+Screenshot.h */,
				04F3A95B1F2358F300A84962 /* UIView+Screenshot.m */,
				04F3A95C1F2358F300A84962 /* UIView+Shake.h */,
				04F3A95D1F2358F300A84962 /* UIView+Shake.m */,
				04F3A95E1F2358F300A84962 /* UIView+Toast.h */,
				04F3A95F1F2358F300A84962 /* UIView+Toast.m */,
				04F3A9601F2358F300A84962 /* UIView+ViewController.h */,
				04F3A9611F2358F300A84962 /* UIView+ViewController.m */,
				04F3A9621F2358F300A84962 /* UIView+Visuals.h */,
				04F3A9631F2358F300A84962 /* UIView+Visuals.m */,
			);
			path = UIView;
			sourceTree = "<group>";
		};
		740F923012234AED951B9DA3 /* Pods */ = {
			isa = PBXGroup;
			children = (
				2297769CA9925FD5C3700F0B /* Pods-JXProjectFramework.debug.xcconfig */,
				9423E8E27CB33C4C4A236119 /* Pods-JXProjectFramework.release.xcconfig */,
			);
			name = Pods;
			sourceTree = "<group>";
		};
		86898E7BEDCFA34B8778DF44 /* Frameworks */ = {
			isa = PBXGroup;
			children = (
				81ADB749CBA4D9AE15715490 /* libPods-JXProjectFramework.a */,
			);
			name = Frameworks;
			sourceTree = "<group>";
		};
/* End PBXGroup section */

/* Begin PBXNativeTarget section */
		0427192B1ECE95B10063B6ED /* JXProjectFramework */ = {
			isa = PBXNativeTarget;
			buildConfigurationList = 042719431ECE95B10063B6ED /* Build configuration list for PBXNativeTarget "JXProjectFramework" */;
			buildPhases = (
				194D7AF982B569F647A1507D /* [CP] Check Pods Manifest.lock */,
				042719281ECE95B10063B6ED /* Sources */,
				042719291ECE95B10063B6ED /* Frameworks */,
				0427192A1ECE95B10063B6ED /* Resources */,
				EDB16F0098C74DDD572B847D /* [CP] Embed Pods Frameworks */,
				24E9EEDE30CE49E7280CFEEA /* [CP] Copy Pods Resources */,
			);
			buildRules = (
			);
			dependencies = (
			);
			name = JXProjectFramework;
			productName = JXProjectFramework;
			productReference = 0427192C1ECE95B10063B6ED /* JXProjectFramework.app */;
			productType = "com.apple.product-type.application";
		};
/* End PBXNativeTarget section */

/* Begin PBXProject section */
		042719241ECE95B10063B6ED /* Project object */ = {
			isa = PBXProject;
			attributes = {
				LastUpgradeCheck = 0820;
				ORGANIZATIONNAME = JXIcon;
				TargetAttributes = {
					0427192B1ECE95B10063B6ED = {
						CreatedOnToolsVersion = 8.2.1;
						ProvisioningStyle = Automatic;
					};
				};
			};
			buildConfigurationList = 042719271ECE95B10063B6ED /* Build configuration list for PBXProject "JXProjectFramework" */;
			compatibilityVersion = "Xcode 3.2";
			developmentRegion = English;
			hasScannedForEncodings = 0;
			knownRegions = (
				en,
				Base,
			);
			mainGroup = 042719231ECE95B10063B6ED;
			productRefGroup = 0427192D1ECE95B10063B6ED /* Products */;
			projectDirPath = "";
			projectRoot = "";
			targets = (
				0427192B1ECE95B10063B6ED /* JXProjectFramework */,
			);
		};
/* End PBXProject section */

/* Begin PBXResourcesBuildPhase section */
		0427192A1ECE95B10063B6ED /* Resources */ = {
			isa = PBXResourcesBuildPhase;
			buildActionMask = 2147483647;
			files = (
				0427193F1ECE95B10063B6ED /* LaunchScreen.storyboard in Resources */,
				0427193C1ECE95B10063B6ED /* Assets.xcassets in Resources */,
			);
			runOnlyForDeploymentPostprocessing = 0;
		};
/* End PBXResourcesBuildPhase section */

/* Begin PBXShellScriptBuildPhase section */
		194D7AF982B569F647A1507D /* [CP] Check Pods Manifest.lock */ = {
			isa = PBXShellScriptBuildPhase;
			buildActionMask = 2147483647;
			files = (
			);
			inputPaths = (
			);
			name = "[CP] Check Pods Manifest.lock";
			outputPaths = (
			);
			runOnlyForDeploymentPostprocessing = 0;
			shellPath = /bin/sh;
			shellScript = "diff \"${PODS_ROOT}/../Podfile.lock\" \"${PODS_ROOT}/Manifest.lock\" > /dev/null\nif [ $? != 0 ] ; then\n    # print error to STDERR\n    echo \"error: The sandbox is not in sync with the Podfile.lock. Run 'pod install' or update your CocoaPods installation.\" >&2\n    exit 1\nfi\n";
			showEnvVarsInLog = 0;
		};
		24E9EEDE30CE49E7280CFEEA /* [CP] Copy Pods Resources */ = {
			isa = PBXShellScriptBuildPhase;
			buildActionMask = 2147483647;
			files = (
			);
			inputPaths = (
			);
			name = "[CP] Copy Pods Resources";
			outputPaths = (
			);
			runOnlyForDeploymentPostprocessing = 0;
			shellPath = /bin/sh;
			shellScript = "\"${SRCROOT}/Pods/Target Support Files/Pods-JXProjectFramework/Pods-JXProjectFramework-resources.sh\"\n";
			showEnvVarsInLog = 0;
		};
		EDB16F0098C74DDD572B847D /* [CP] Embed Pods Frameworks */ = {
			isa = PBXShellScriptBuildPhase;
			buildActionMask = 2147483647;
			files = (
			);
			inputPaths = (
			);
			name = "[CP] Embed Pods Frameworks";
			outputPaths = (
			);
			runOnlyForDeploymentPostprocessing = 0;
			shellPath = /bin/sh;
			shellScript = "\"${SRCROOT}/Pods/Target Support Files/Pods-JXProjectFramework/Pods-JXProjectFramework-frameworks.sh\"\n";
			showEnvVarsInLog = 0;
		};
/* End PBXShellScriptBuildPhase section */

/* Begin PBXSourcesBuildPhase section */
		042719281ECE95B10063B6ED /* Sources */ = {
			isa = PBXSourcesBuildPhase;
			buildActionMask = 2147483647;
			files = (
				042719721ECE9FF10063B6ED /* UIView+Extension.m in Sources */,
				04F3A9641F2358F300A84962 /* UIView+Animation.m in Sources */,
				042719BE1ECED89A0063B6ED /* JXBaseTableViewCell.m in Sources */,
				04F3A96C1F2358F300A84962 /* UIView+GestureCallback.m in Sources */,
				04F3A96B1F2358F300A84962 /* UIView+Frame.m in Sources */,
				04F3A9661F2358F300A84962 /* UIView+Constraints.m in Sources */,
				042719BB1ECED7C60063B6ED /* NotificationNames.m in Sources */,
				042719561ECE98000063B6ED /* JXBaseViewController.m in Sources */,
				04F3A9691F2358F300A84962 /* UIView+draggable.m in Sources */,
				04F3A9651F2358F300A84962 /* UIView+BlockGesture.m in Sources */,
				042719A91ECEC98D0063B6ED /* JXRequestViewModel.m in Sources */,
				042719691ECE9B490063B6ED /* UIImage+Image.m in Sources */,
				042719A61ECEC87F0063B6ED /* FMDatabaseQueue+Extension.m in Sources */,
				042719B81ECED2EA0063B6ED /* JXHomePageCell.m in Sources */,
				042719C21ECEE1510063B6ED /* NetWorkManager.m in Sources */,
				04F3A9721F2358F300A84962 /* UIView+ViewController.m in Sources */,
				04F3A9711F2358F300A84962 /* UIView+Toast.m in Sources */,
				042719A01ECEA5310063B6ED /* UIColor+Extension.m in Sources */,
				04F3A96D1F2358F300A84962 /* UIView+Nib.m in Sources */,
				0427198F1ECEA1E60063B6ED /* JXChatViewController.m in Sources */,
				042719B21ECECBFD0063B6ED /* JXArticleModel.m in Sources */,
				042719951ECEA2040063B6ED /* JXMoreViewController.m in Sources */,
				04F3A9731F2358F300A84962 /* UIView+Visuals.m in Sources */,
				04F3A96A1F2358F300A84962 /* UIView+Find.m in Sources */,
				042719AF1ECECBCC0063B6ED /* JXHomePageCellViewModel.m in Sources */,
				04F3A96F1F2358F300A84962 /* UIView+Screenshot.m in Sources */,
				0427196F1ECE9ED80063B6ED /* JXTabBar.m in Sources */,
				04F3A9671F2358F300A84962 /* UIView+CustomBorder.m in Sources */,
				042719341ECE95B10063B6ED /* AppDelegate.m in Sources */,
				04F3A9681F2358F300A84962 /* UIView+Debug.m in Sources */,
				042719661ECE99850063B6ED /* JXTabBarController.m in Sources */,
				042719591ECE98460063B6ED /* JXBaseModel.m in Sources */,
				042719921ECEA1F80063B6ED /* JXDiscoverViewController.m in Sources */,
				048C415C1ED7D37500EB3994 /* PPHTTPRequest.m in Sources */,
				042719B51ECECD680063B6ED /* CFunctions.m in Sources */,
				0427199D1ECEA2930063B6ED /* JXShopViewController.m in Sources */,
				04F3A9701F2358F300A84962 /* UIView+Shake.m in Sources */,
				042719311ECE95B10063B6ED /* main.m in Sources */,
				042719751ECEA1040063B6ED /* JXHomeViewController.m in Sources */,
				0427195C1ECE98570063B6ED /* JXBaseViewModel.m in Sources */,
				04F3A96E1F2358F300A84962 /* UIView+Recursion.m in Sources */,
				042719AC1ECECA740063B6ED /* JXHomePageViewModel.m in Sources */,
				042719631ECE99590063B6ED /* JXNavigationController.m in Sources */,
			);
			runOnlyForDeploymentPostprocessing = 0;
		};
/* End PBXSourcesBuildPhase section */

/* Begin PBXVariantGroup section */
		0427193D1ECE95B10063B6ED /* LaunchScreen.storyboard */ = {
			isa = PBXVariantGroup;
			children = (
				0427193E1ECE95B10063B6ED /* Base */,
			);
			name = LaunchScreen.storyboard;
			sourceTree = "<group>";
		};
/* End PBXVariantGroup section */

/* Begin XCBuildConfiguration section */
		042719411ECE95B10063B6ED /* Debug */ = {
			isa = XCBuildConfiguration;
			buildSettings = {
				ALWAYS_SEARCH_USER_PATHS = NO;
				CLANG_ANALYZER_NONNULL = YES;
				CLANG_CXX_LANGUAGE_STANDARD = "gnu++0x";
				CLANG_CXX_LIBRARY = "libc++";
				CLANG_ENABLE_MODULES = YES;
				CLANG_ENABLE_OBJC_ARC = YES;
				CLANG_WARN_BOOL_CONVERSION = YES;
				CLANG_WARN_CONSTANT_CONVERSION = YES;
				CLANG_WARN_DIRECT_OBJC_ISA_USAGE = YES_ERROR;
				CLANG_WARN_DOCUMENTATION_COMMENTS = YES;
				CLANG_WARN_EMPTY_BODY = YES;
				CLANG_WARN_ENUM_CONVERSION = YES;
				CLANG_WARN_INFINITE_RECURSION = YES;
				CLANG_WARN_INT_CONVERSION = YES;
				CLANG_WARN_OBJC_ROOT_CLASS = YES_ERROR;
				CLANG_WARN_SUSPICIOUS_MOVE = YES;
				CLANG_WARN_UNREACHABLE_CODE = YES;
				CLANG_WARN__DUPLICATE_METHOD_MATCH = YES;
				"CODE_SIGN_IDENTITY[sdk=iphoneos*]" = "iPhone Developer";
				COPY_PHASE_STRIP = NO;
				DEBUG_INFORMATION_FORMAT = dwarf;
				ENABLE_STRICT_OBJC_MSGSEND = YES;
				ENABLE_TESTABILITY = YES;
				GCC_C_LANGUAGE_STANDARD = gnu99;
				GCC_DYNAMIC_NO_PIC = NO;
				GCC_NO_COMMON_BLOCKS = YES;
				GCC_OPTIMIZATION_LEVEL = 0;
				GCC_PREPROCESSOR_DEFINITIONS = (
					"DEBUG=1",
					"$(inherited)",
				);
				GCC_WARN_64_TO_32_BIT_CONVERSION = YES;
				GCC_WARN_ABOUT_RETURN_TYPE = YES_ERROR;
				GCC_WARN_UNDECLARED_SELECTOR = YES;
				GCC_WARN_UNINITIALIZED_AUTOS = YES_AGGRESSIVE;
				GCC_WARN_UNUSED_FUNCTION = YES;
				GCC_WARN_UNUSED_VARIABLE = YES;
				IPHONEOS_DEPLOYMENT_TARGET = 10.2;
				MTL_ENABLE_DEBUG_INFO = YES;
				ONLY_ACTIVE_ARCH = YES;
				SDKROOT = iphoneos;
				TARGETED_DEVICE_FAMILY = "1,2";
			};
			name = Debug;
		};
		042719421ECE95B10063B6ED /* Release */ = {
			isa = XCBuildConfiguration;
			buildSettings = {
				ALWAYS_SEARCH_USER_PATHS = NO;
				CLANG_ANALYZER_NONNULL = YES;
				CLANG_CXX_LANGUAGE_STANDARD = "gnu++0x";
				CLANG_CXX_LIBRARY = "libc++";
				CLANG_ENABLE_MODULES = YES;
				CLANG_ENABLE_OBJC_ARC = YES;
				CLANG_WARN_BOOL_CONVERSION = YES;
				CLANG_WARN_CONSTANT_CONVERSION = YES;
				CLANG_WARN_DIRECT_OBJC_ISA_USAGE = YES_ERROR;
				CLANG_WARN_DOCUMENTATION_COMMENTS = YES;
				CLANG_WARN_EMPTY_BODY = YES;
				CLANG_WARN_ENUM_CONVERSION = YES;
				CLANG_WARN_INFINITE_RECURSION = YES;
				CLANG_WARN_INT_CONVERSION = YES;
				CLANG_WARN_OBJC_ROOT_CLASS = YES_ERROR;
				CLANG_WARN_SUSPICIOUS_MOVE = YES;
				CLANG_WARN_UNREACHABLE_CODE = YES;
				CLANG_WARN__DUPLICATE_METHOD_MATCH = YES;
				"CODE_SIGN_IDENTITY[sdk=iphoneos*]" = "iPhone Developer";
				COPY_PHASE_STRIP = NO;
				DEBUG_INFORMATION_FORMAT = "dwarf-with-dsym";
				ENABLE_NS_ASSERTIONS = NO;
				ENABLE_STRICT_OBJC_MSGSEND = YES;
				GCC_C_LANGUAGE_STANDARD = gnu99;
				GCC_NO_COMMON_BLOCKS = YES;
				GCC_WARN_64_TO_32_BIT_CONVERSION = YES;
				GCC_WARN_ABOUT_RETURN_TYPE = YES_ERROR;
				GCC_WARN_UNDECLARED_SELECTOR = YES;
				GCC_WARN_UNINITIALIZED_AUTOS = YES_AGGRESSIVE;
				GCC_WARN_UNUSED_FUNCTION = YES;
				GCC_WARN_UNUSED_VARIABLE = YES;
				IPHONEOS_DEPLOYMENT_TARGET = 10.2;
				MTL_ENABLE_DEBUG_INFO = NO;
				SDKROOT = iphoneos;
				TARGETED_DEVICE_FAMILY = "1,2";
				VALIDATE_PRODUCT = YES;
			};
			name = Release;
		};
		042719441ECE95B10063B6ED /* Debug */ = {
			isa = XCBuildConfiguration;
			baseConfigurationReference = 2297769CA9925FD5C3700F0B /* Pods-JXProjectFramework.debug.xcconfig */;
			buildSettings = {
				ASSETCATALOG_COMPILER_APPICON_NAME = AppIcon;
				GCC_PRECOMPILE_PREFIX_HEADER = YES;
				GCC_PREFIX_HEADER = "/Users/mac/Desktop/数据plist/JXProjectFramework/JXProjectFramework/JXProjectFramework/JXProjectFramework.pch";
				INFOPLIST_FILE = JXProjectFramework/Info.plist;
				LD_RUNPATH_SEARCH_PATHS = "$(inherited) @executable_path/Frameworks";
				PRODUCT_BUNDLE_IDENTIFIER = com.fxtz.fxtzapp.JXProjectFramework;
				PRODUCT_NAME = "$(TARGET_NAME)";
			};
			name = Debug;
		};
		042719451ECE95B10063B6ED /* Release */ = {
			isa = XCBuildConfiguration;
			baseConfigurationReference = 9423E8E27CB33C4C4A236119 /* Pods-JXProjectFramework.release.xcconfig */;
			buildSettings = {
				ASSETCATALOG_COMPILER_APPICON_NAME = AppIcon;
				GCC_PRECOMPILE_PREFIX_HEADER = YES;
				GCC_PREFIX_HEADER = "/Users/mac/Desktop/数据plist/JXProjectFramework/JXProjectFramework/JXProjectFramework/JXProjectFramework.pch";
				INFOPLIST_FILE = JXProjectFramework/Info.plist;
				LD_RUNPATH_SEARCH_PATHS = "$(inherited) @executable_path/Frameworks";
				PRODUCT_BUNDLE_IDENTIFIER = com.fxtz.fxtzapp.JXProjectFramework;
				PRODUCT_NAME = "$(TARGET_NAME)";
			};
			name = Release;
		};
/* End XCBuildConfiguration section */

/* Begin XCConfigurationList section */
		042719271ECE95B10063B6ED /* Build configuration list for PBXProject "JXProjectFramework" */ = {
			isa = XCConfigurationList;
			buildConfigurations = (
				042719411ECE95B10063B6ED /* Debug */,
				042719421ECE95B10063B6ED /* Release */,
			);
			defaultConfigurationIsVisible = 0;
			defaultConfigurationName = Release;
		};
		042719431ECE95B10063B6ED /* Build configuration list for PBXNativeTarget "JXProjectFramework" */ = {
			isa = XCConfigurationList;
			buildConfigurations = (
				042719441ECE95B10063B6ED /* Debug */,
				042719451ECE95B10063B6ED /* Release */,
			);
			defaultConfigurationIsVisible = 0;
			defaultConfigurationName = Release;
		};
/* End XCConfigurationList section */
	};
	rootObject = 042719241ECE95B10063B6ED /* Project object */;
}
